
Microsoft Visual Studio Solution File, Format Version 12.00
# Visual Studio Version 17
VisualStudioVersion = 17.2.32526.322
MinimumVisualStudioVersion = 10.0.40219.1
Project("{FAE04EC0-301F-11D3-BF4B-00C04F79EFBC}") = "Q_2", "Q_2.csproj", "{C66A229E-4C05-457F-AFC9-8FF7242D060A}"
EndProject
Global
	GlobalSection(SolutionConfigurationPlatforms) = preSolution
		Debug|Any CPU = Debug|Any CPU
		Release|Any CPU = Release|Any CPU
	EndGlobalSection
	GlobalSection(ProjectConfigurationPlatforms) = postSolution
		{C66A229E-4C05-457F-AFC9-8FF7242D060A}.Debug|Any CPU.ActiveCfg = Debug|Any CPU
		{C66A229E-4C05-457F-AFC9-8FF7242D060A}.Debug|Any CPU.Build.0 = Debug|Any CPU
		{C66A229E-4C05-457F-AFC9-8FF7242D060A}.Release|Any CPU.ActiveCfg = Release|Any CPU
		{C66A229E-4C05-457F-AFC9-8FF7242D060A}.Release|Any CPU.Build.0 = Release|Any CPU
	EndGlobalSection
	GlobalSection(SolutionProperties) = preSolution
		HideSolutionNode = FALSE
	EndGlobalSection
	GlobalSection(ExtensibilityGlobals) = postSolution
		SolutionGuid = {484223D3-40F2-4716-ACED-04FAB9190CFF}
	EndGlobalSection
EndGlobal
